
Microsoft Visual Studio Solution File, Format Version 12.00
# Visual Studio Version 17
VisualStudioVersion = 17.9.34728.123
MinimumVisualStudioVersion = 10.0.40219.1
Project("{2150E333-8FDC-42A3-9474-1A3956D46DE8}") = "Presentation", "Presentation", "{02EA681E-C7D8-13C7-8484-4AC65E1B71E8}"
EndProject
Project("{FAE04EC0-301F-11D3-BF4B-00C04F79EFBC}") = "BluNoro.API", "src\Presentation\BluNoro.API\BluNoro.API.csproj", "{237E0270-5C92-497D-A4F6-AF5CF4AACAA2}"
EndProject
Project("{2150E333-8FDC-42A3-9474-1A3956D46DE8}") = "Application", "Application", "{5FD81537-1FF2-4126-A8E3-E66D74FC3016}"
EndProject
Project("{2150E333-8FDC-42A3-9474-1A3956D46DE8}") = "Core", "Core", "{B5BB9547-7CB2-4FEA-8861-F3904F71B2F7}"
EndProject
Project("{FAE04EC0-301F-11D3-BF4B-00C04F79EFBC}") = "BluNoro.Core.Common", "src\Core\BluNoro.Core.Common\BluNoro.Core.Common.csproj", "{6CF6E710-E032-BF70-A90B-C8140014A4C1}"
EndProject
Project("{FAE04EC0-301F-11D3-BF4B-00C04F79EFBC}") = "BluNoro.Core.Contracts", "src\Core\BluNoro.Core.Contracts\BluNoro.Core.Contracts.csproj", "{D2B94B24-0C7C-B940-AEBB-92A520B165FC}"
EndProject
Project("{FAE04EC0-301F-11D3-BF4B-00C04F79EFBC}") = "BluNoro.Core.Data.EF", "src\Core\BluNoro.Core.Data.EF\BluNoro.Core.Data.EF.csproj", "{AA55497D-4E16-D04B-5EB5-EB8AE213275F}"
EndProject
Project("{FAE04EC0-301F-11D3-BF4B-00C04F79EFBC}") = "BluNoro.Core.Infrastructure", "src\Core\BluNoro.Core.Infrastructure\BluNoro.Core.Infrastructure.csproj", "{4C9B1F0C-9DF5-4F5F-D3C8-EAB2E932251D}"
EndProject
Project("{FAE04EC0-301F-11D3-BF4B-00C04F79EFBC}") = "BluNoro.TestClient", "src\Presentation\BluNoro.TestClient\BluNoro.TestClient.csproj", "{4C0C61E7-E161-B9F2-511C-A9A552A2D930}"
EndProject
Project("{FAE04EC0-301F-11D3-BF4B-00C04F79EFBC}") = "BluNoro.Application", "src\Application\BluNoro.Application\BluNoro.Application.csproj", "{4918F8D8-3727-28F0-018C-4174D6C97208}"
EndProject
Project("{FAE04EC0-301F-11D3-BF4B-00C04F79EFBC}") = "BluNoro.Application.Contracts", "src\Application\BluNoro.Application.Contracts\BluNoro.Application.Contracts.csproj", "{031F6B81-C83A-4161-A318-67436B6F6FDD}"
EndProject
Project("{2150E333-8FDC-42A3-9474-1A3956D46DE8}") = "Services", "Services", "{88CE5C1C-0CB5-4F46-8B4E-B2ED8490C7A7}"
EndProject
Project("{FAE04EC0-301F-11D3-BF4B-00C04F79EFBC}") = "BluNoro.Services.Notifications", "src\Services\BluNoro.Services.Notifications\BluNoro.Services.Notifications.csproj", "{733EC568-1AE3-4836-91C7-E39217C2628A}"
EndProject
Project("{E53339B2-1760-4266-BCC7-CA923CBCF16C}") = "docker-compose", "docker\docker-compose.dcproj", "{81DDED9D-158B-E303-5F62-77A2896D2A5A}"
EndProject
Project("{FAE04EC0-301F-11D3-BF4B-00C04F79EFBC}") = "BluNoro.Web", "src\Presentation\BluNoro.Web\BluNoro.Web.csproj", "{6527D111-55DD-4618-A1A3-9A1124EC9ACD}"
EndProject
Project("{FAE04EC0-301F-11D3-BF4B-00C04F79EFBC}") = "BluNoro.ServerConsole", "src\Presentation\BluNoro.ServerConsole\BluNoro.ServerConsole.csproj", "{0E704522-F4D1-B8F8-3D95-43B1D5E44000}"
EndProject
Project("{2150E333-8FDC-42A3-9474-1A3956D46DE8}") = "Solution Items", "Solution Items", "{BC29E408-DF4B-499E-B1C3-357DA7E0DCB5}"
	ProjectSection(SolutionItems) = preProject
		.editorconfig = .editorconfig
	EndProjectSection
EndProject
Global
	GlobalSection(SolutionConfigurationPlatforms) = preSolution
		Debug|Any CPU = Debug|Any CPU
		Release|Any CPU = Release|Any CPU
	EndGlobalSection
	GlobalSection(ProjectConfigurationPlatforms) = postSolution
		{237E0270-5C92-497D-A4F6-AF5CF4AACAA2}.Debug|Any CPU.ActiveCfg = Debug|Any CPU
		{237E0270-5C92-497D-A4F6-AF5CF4AACAA2}.Debug|Any CPU.Build.0 = Debug|Any CPU
		{237E0270-5C92-497D-A4F6-AF5CF4AACAA2}.Release|Any CPU.ActiveCfg = Release|Any CPU
		{237E0270-5C92-497D-A4F6-AF5CF4AACAA2}.Release|Any CPU.Build.0 = Release|Any CPU
		{6CF6E710-E032-BF70-A90B-C8140014A4C1}.Debug|Any CPU.ActiveCfg = Debug|Any CPU
		{6CF6E710-E032-BF70-A90B-C8140014A4C1}.Debug|Any CPU.Build.0 = Debug|Any CPU
		{6CF6E710-E032-BF70-A90B-C8140014A4C1}.Release|Any CPU.ActiveCfg = Release|Any CPU
		{6CF6E710-E032-BF70-A90B-C8140014A4C1}.Release|Any CPU.Build.0 = Release|Any CPU
		{D2B94B24-0C7C-B940-AEBB-92A520B165FC}.Debug|Any CPU.ActiveCfg = Debug|Any CPU
		{D2B94B24-0C7C-B940-AEBB-92A520B165FC}.Debug|Any CPU.Build.0 = Debug|Any CPU
		{D2B94B24-0C7C-B940-AEBB-92A520B165FC}.Release|Any CPU.ActiveCfg = Release|Any CPU
		{D2B94B24-0C7C-B940-AEBB-92A520B165FC}.Release|Any CPU.Build.0 = Release|Any CPU
		{AA55497D-4E16-D04B-5EB5-EB8AE213275F}.Debug|Any CPU.ActiveCfg = Debug|Any CPU
		{AA55497D-4E16-D04B-5EB5-EB8AE213275F}.Debug|Any CPU.Build.0 = Debug|Any CPU
		{AA55497D-4E16-D04B-5EB5-EB8AE213275F}.Release|Any CPU.ActiveCfg = Release|Any CPU
		{AA55497D-4E16-D04B-5EB5-EB8AE213275F}.Release|Any CPU.Build.0 = Release|Any CPU
		{4C9B1F0C-9DF5-4F5F-D3C8-EAB2E932251D}.Debug|Any CPU.ActiveCfg = Debug|Any CPU
		{4C9B1F0C-9DF5-4F5F-D3C8-EAB2E932251D}.Debug|Any CPU.Build.0 = Debug|Any CPU
		{4C9B1F0C-9DF5-4F5F-D3C8-EAB2E932251D}.Release|Any CPU.ActiveCfg = Release|Any CPU
		{4C9B1F0C-9DF5-4F5F-D3C8-EAB2E932251D}.Release|Any CPU.Build.0 = Release|Any CPU
		{4C0C61E7-E161-B9F2-511C-A9A552A2D930}.Debug|Any CPU.ActiveCfg = Debug|Any CPU
		{4C0C61E7-E161-B9F2-511C-A9A552A2D930}.Debug|Any CPU.Build.0 = Debug|Any CPU
		{4C0C61E7-E161-B9F2-511C-A9A552A2D930}.Release|Any CPU.ActiveCfg = Release|Any CPU
		{4C0C61E7-E161-B9F2-511C-A9A552A2D930}.Release|Any CPU.Build.0 = Release|Any CPU
		{4918F8D8-3727-28F0-018C-4174D6C97208}.Debug|Any CPU.ActiveCfg = Debug|Any CPU
		{4918F8D8-3727-28F0-018C-4174D6C97208}.Debug|Any CPU.Build.0 = Debug|Any CPU
		{4918F8D8-3727-28F0-018C-4174D6C97208}.Release|Any CPU.ActiveCfg = Release|Any CPU
		{4918F8D8-3727-28F0-018C-4174D6C97208}.Release|Any CPU.Build.0 = Release|Any CPU
		{031F6B81-C83A-4161-A318-67436B6F6FDD}.Debug|Any CPU.ActiveCfg = Debug|Any CPU
		{031F6B81-C83A-4161-A318-67436B6F6FDD}.Debug|Any CPU.Build.0 = Debug|Any CPU
		{031F6B81-C83A-4161-A318-67436B6F6FDD}.Release|Any CPU.ActiveCfg = Release|Any CPU
		{031F6B81-C83A-4161-A318-67436B6F6FDD}.Release|Any CPU.Build.0 = Release|Any CPU
		{733EC568-1AE3-4836-91C7-E39217C2628A}.Debug|Any CPU.ActiveCfg = Debug|Any CPU
		{733EC568-1AE3-4836-91C7-E39217C2628A}.Debug|Any CPU.Build.0 = Debug|Any CPU
		{733EC568-1AE3-4836-91C7-E39217C2628A}.Release|Any CPU.ActiveCfg = Release|Any CPU
		{733EC568-1AE3-4836-91C7-E39217C2628A}.Release|Any CPU.Build.0 = Release|Any CPU
		{81DDED9D-158B-E303-5F62-77A2896D2A5A}.Debug|Any CPU.ActiveCfg = Debug|Any CPU
		{81DDED9D-158B-E303-5F62-77A2896D2A5A}.Debug|Any CPU.Build.0 = Debug|Any CPU
		{81DDED9D-158B-E303-5F62-77A2896D2A5A}.Release|Any CPU.ActiveCfg = Release|Any CPU
		{81DDED9D-158B-E303-5F62-77A2896D2A5A}.Release|Any CPU.Build.0 = Release|Any CPU
		{6527D111-55DD-4618-A1A3-9A1124EC9ACD}.Debug|Any CPU.ActiveCfg = Debug|Any CPU
		{6527D111-55DD-4618-A1A3-9A1124EC9ACD}.Debug|Any CPU.Build.0 = Debug|Any CPU
		{6527D111-55DD-4618-A1A3-9A1124EC9ACD}.Release|Any CPU.ActiveCfg = Release|Any CPU
		{6527D111-55DD-4618-A1A3-9A1124EC9ACD}.Release|Any CPU.Build.0 = Release|Any CPU
		{0E704522-F4D1-B8F8-3D95-43B1D5E44000}.Debug|Any CPU.ActiveCfg = Debug|Any CPU
		{0E704522-F4D1-B8F8-3D95-43B1D5E44000}.Debug|Any CPU.Build.0 = Debug|Any CPU
		{0E704522-F4D1-B8F8-3D95-43B1D5E44000}.Release|Any CPU.ActiveCfg = Release|Any CPU
		{0E704522-F4D1-B8F8-3D95-43B1D5E44000}.Release|Any CPU.Build.0 = Release|Any CPU
	EndGlobalSection
	GlobalSection(SolutionProperties) = preSolution
		HideSolutionNode = FALSE
	EndGlobalSection
	GlobalSection(NestedProjects) = preSolution
		{237E0270-5C92-497D-A4F6-AF5CF4AACAA2} = {02EA681E-C7D8-13C7-8484-4AC65E1B71E8}
		{6CF6E710-E032-BF70-A90B-C8140014A4C1} = {B5BB9547-7CB2-4FEA-8861-F3904F71B2F7}
		{D2B94B24-0C7C-B940-AEBB-92A520B165FC} = {B5BB9547-7CB2-4FEA-8861-F3904F71B2F7}
		{AA55497D-4E16-D04B-5EB5-EB8AE213275F} = {B5BB9547-7CB2-4FEA-8861-F3904F71B2F7}
		{4C9B1F0C-9DF5-4F5F-D3C8-EAB2E932251D} = {B5BB9547-7CB2-4FEA-8861-F3904F71B2F7}
		{4C0C61E7-E161-B9F2-511C-A9A552A2D930} = {02EA681E-C7D8-13C7-8484-4AC65E1B71E8}
		{4918F8D8-3727-28F0-018C-4174D6C97208} = {5FD81537-1FF2-4126-A8E3-E66D74FC3016}
		{031F6B81-C83A-4161-A318-67436B6F6FDD} = {5FD81537-1FF2-4126-A8E3-E66D74FC3016}
		{733EC568-1AE3-4836-91C7-E39217C2628A} = {88CE5C1C-0CB5-4F46-8B4E-B2ED8490C7A7}
		{6527D111-55DD-4618-A1A3-9A1124EC9ACD} = {02EA681E-C7D8-13C7-8484-4AC65E1B71E8}
		{0E704522-F4D1-B8F8-3D95-43B1D5E44000} = {02EA681E-C7D8-13C7-8484-4AC65E1B71E8}
	EndGlobalSection
	GlobalSection(ExtensibilityGlobals) = postSolution
		SolutionGuid = {A17D94FC-AEDC-42B1-AB29-6B360403F0DC}
	EndGlobalSection
EndGlobal
